
Microsoft Visual Studio Solution File, Format Version 12.00
Project("{FAE04EC0-301F-11D3-BF4B-00C04F79EFBC}") = "VMCSaber-BS", "VMCSaber-BS\VMCSaber-BS.csproj", "{57171DCC-A98B-4C27-8FB2-612E63F2C36E}"
EndProject
Global
	GlobalSection(SolutionConfigurationPlatforms) = preSolution
		Debug|Any CPU = Debug|Any CPU
		Release|Any CPU = Release|Any CPU
	EndGlobalSection
	GlobalSection(ProjectConfigurationPlatforms) = postSolution
		{57171DCC-A98B-4C27-8FB2-612E63F2C36E}.Debug|Any CPU.ActiveCfg = Debug|Any CPU
		{57171DCC-A98B-4C27-8FB2-612E63F2C36E}.Debug|Any CPU.Build.0 = Debug|Any CPU
		{57171DCC-A98B-4C27-8FB2-612E63F2C36E}.Release|Any CPU.ActiveCfg = Release|Any CPU
		{57171DCC-A98B-4C27-8FB2-612E63F2C36E}.Release|Any CPU.Build.0 = Release|Any CPU
	EndGlobalSection
EndGlobal
